{
  "name": "Walkthrough",
  "version": "1.0.0",
  "lockfileVersion": 2,
  "requires": true,
  "packages": {
    "": {
      "name": "Walkthrough",
      "version": "1.0.0",
      "devDependencies": {
        "@figma/plugin-typings": "^1.43.0"
      }
    },
    "node_modules/@figma/plugin-typings": {
      "version": "1.43.0",
      "resolved": "https://registry.npmjs.org/@figma/plugin-typings/-/plugin-typings-1.43.0.tgz",
      "integrity": "sha512-FxLGYkMkTg87cw5O1S2qQVDCCFfuJpfJP3qKeLg9zmQ1yPD6trLvkeHau48XCYFzcd9o5Milaft/gfjGJ/BvTg==",
      "dev": true
    }
  },
  "dependencies": {
    "@figma/plugin-typings": {
      "version": "1.43.0",
      "resolved": "https://registry.npmjs.org/@figma/plugin-typings/-/plugin-typings-1.43.0.tgz",
      "integrity": "sha512-FxLGYkMkTg87cw5O1S2qQVDCCFfuJpfJP3qKeLg9zmQ1yPD6trLvkeHau48XCYFzcd9o5Milaft/gfjGJ/BvTg==",
      "dev": true
    }
  }
}
